# This file was autogenerated by Stack.
# You should not edit this file by hand.
# For more information, please see the documentation at:
#   https://docs.haskellstack.org/en/stable/lock_files

packages:
- completed:
    pantry-tree:
      sha256: 8cf6d628bb4f962575ad0993bb1010e9989cea00b325b8a45ac35ac201061386
      size: 4685
    hackage: llvm-hs-pretty-0.9.0.0@sha256:b7a5de5f3dd97893d19d2b47af1e4dd8d075a5cf57062180a912d1f3ef1def60,1671
  original:
    hackage: llvm-hs-pretty-0.9.0.0@sha256:b7a5de5f3dd97893d19d2b47af1e4dd8d075a5cf57062180a912d1f3ef1def60,1671
snapshots:
- completed:
    sha256: 7b5cac89352fa4a88606dc6cb250aee9291f21e2e988d464065f5aa51f5de33d
    size: 532413
    url: https://raw.githubusercontent.com/commercialhaskell/stackage-snapshots/master/lts/16/21.yaml
  original:
    url: https://raw.githubusercontent.com/commercialhaskell/stackage-snapshots/master/lts/16/21.yaml
